
Microsoft Visual Studio Solution File, Format Version 9.00
# Visual Studio 2005
Project("{8BC9CEB8-8B4A-11D0-8D11-00A0C91BC942}") = "MemoryEater", "MemoryEater\MemoryEater.vcproj", "{141EA96C-48DF-4609-9474-43991F00F9AA}"
EndProject
Global
	GlobalSection(SolutionConfigurationPlatforms) = preSolution
		Debug|Win32 = Debug|Win32
		Release|Win32 = Release|Win32
	EndGlobalSection
	GlobalSection(ProjectConfigurationPlatforms) = postSolution
		{141EA96C-48DF-4609-9474-43991F00F9AA}.Debug|Win32.ActiveCfg = Debug|Win32
		{141EA96C-48DF-4609-9474-43991F00F9AA}.Debug|Win32.Build.0 = Debug|Win32
		{141EA96C-48DF-4609-9474-43991F00F9AA}.Release|Win32.ActiveCfg = Release|Win32
		{141EA96C-48DF-4609-9474-43991F00F9AA}.Release|Win32.Build.0 = Release|Win32
	EndGlobalSection
	GlobalSection(SolutionProperties) = preSolution
		HideSolutionNode = FALSE
	EndGlobalSection
EndGlobal
